
Microsoft Visual Studio Solution File, Format Version 12.00
# Visual Studio Version 17
VisualStudioVersion = 17.13.35818.85 d17.13
MinimumVisualStudioVersion = 10.0.40219.1
Project("{FAE04EC0-301F-11D3-BF4B-00C04F79EFBC}") = "WebQuanLyGiaiDau_NhomTD", "WebQuanLyGiaiDau_NhomTD.csproj", "{292523A5-2F26-402A-A1B9-844FDE862EC5}"
EndProject
Global
	GlobalSection(SolutionConfigurationPlatforms) = preSolution
		Debug|Any CPU = Debug|Any CPU
		Release|Any CPU = Release|Any CPU
	EndGlobalSection
	GlobalSection(ProjectConfigurationPlatforms) = postSolution
		{292523A5-2F26-402A-A1B9-844FDE862EC5}.Debug|Any CPU.ActiveCfg = Debug|Any CPU
		{292523A5-2F26-402A-A1B9-844FDE862EC5}.Debug|Any CPU.Build.0 = Debug|Any CPU
		{292523A5-2F26-402A-A1B9-844FDE862EC5}.Release|Any CPU.ActiveCfg = Release|Any CPU
		{292523A5-2F26-402A-A1B9-844FDE862EC5}.Release|Any CPU.Build.0 = Release|Any CPU
	EndGlobalSection
	GlobalSection(SolutionProperties) = preSolution
		HideSolutionNode = FALSE
	EndGlobalSection
	GlobalSection(ExtensibilityGlobals) = postSolution
		SolutionGuid = {FF4AA080-575C-4133-A39E-8E1CCCF85D69}
	EndGlobalSection
EndGlobal
